{
  "version": 4,
  "terraform_version": "1.8.3",
  "serial": 4,
  "lineage": "7b55239f-9a17-bb95-4a2a-41f999fb2c78",
  "outputs": {},
  "resources": [
    {
      "mode": "managed",
      "type": "openstack_compute_instance_v2",
      "name": "web-server",
      "provider": "provider[\"registry.terraform.io/terraform-provider-openstack/openstack\"]",
      "instances": [
        {
          "schema_version": 0,
          "attributes": {
            "access_ip_v4": "195.15.200.16",
            "access_ip_v6": "[2001:1600:10:100::c77]",
            "admin_pass": null,
            "all_metadata": {
              "application": "web-app"
            },
            "all_tags": [],
            "availability_zone": "dc3-a-04",
            "availability_zone_hints": null,
            "block_device": [],
            "config_drive": null,
            "flavor_id": "0dc5bd7c-e85a-498e-88a3-b950ea5ab106",
            "flavor_name": "a1-ram2-disk80-perf1",
            "floating_ip": null,
            "force_delete": false,
            "id": "6060865f-324e-4a8e-85c5-e8d4777978da",
            "image_id": "72a3f273-d2c4-4bd3-8002-fa910e6ed7df",
            "image_name": "Debian 12 bookworm",
            "key_pair": "keypair_xavki",
            "metadata": {
              "application": "web-app"
            },
            "name": "web-server",
            "network": [
              {
                "access_network": false,
                "fixed_ip_v4": "195.15.200.16",
                "fixed_ip_v6": "[2001:1600:10:100::c77]",
                "floating_ip": "",
                "mac": "fa:16:3e:1f:b6:4f",
                "name": "ext-net1",
                "port": "",
                "uuid": "dcf25c41-9057-4bc2-8475-a2e3c5d8c662"
              }
            ],
            "network_mode": null,
            "personality": [],
            "power_state": "active",
            "region": "dc3-a",
            "scheduler_hints": [],
            "security_groups": [
              "web_server"
            ],
            "stop_before_destroy": false,
            "tags": null,
            "timeouts": null,
            "user_data": null,
            "vendor_options": [],
            "volume": []
          },
          "sensitive_attributes": [
            [
              {
                "type": "get_attr",
                "value": "admin_pass"
              }
            ]
          ],
          "private": "eyJlMmJmYjczMC1lY2FhLTExZTYtOGY4OC0zNDM2M2JjN2M0YzAiOnsiY3JlYXRlIjoxODAwMDAwMDAwMDAwLCJkZWxldGUiOjE4MDAwMDAwMDAwMDAsInVwZGF0ZSI6MTgwMDAwMDAwMDAwMH19"
        }
      ]
    },
    {
      "mode": "managed",
      "type": "openstack_compute_keypair_v2",
      "name": "keypair_xavki",
      "provider": "provider[\"registry.terraform.io/terraform-provider-openstack/openstack\"]",
      "instances": [
        {
          "schema_version": 0,
          "attributes": {
            "fingerprint": "e1:91:7b:87:fe:b8:2a:33:90:28:ec:3a:28:22:94:f1",
            "id": "keypair_xavki",
            "name": "keypair_xavki",
            "private_key": "",
            "public_key": "ssh-rsa AAAAB3NzaC1yc2EAAAADAQABAAABgQC7As6+dFadbrGidzTjcBn8XBwgqAPGpkM/YfjYlpOcHI/BUXIRyqyMdiMv0w7M0XC2O9MFroA3LabqUr7sR9ZOqgOixNBRVAWqBYNjufG1nFsoS365WNE26FawXAKkJMZkHWN1FS4PSt9k68n7b706W9HSIuXN419gOi1zxAsCYy1MO0i8xIN8EpZCMdvHn/iAPazP5bCGWz5EHx87MESXB+nuasXTVbI2QQvSRwQBV4pkaJZvttw28mgB9VfaW+FkAIHVLQsHEVME02K/VkvlGWoJltcAEv00eBVge/2QIWM/eYOvDbZSNif0UXFRgtrB1hzotpKiefmumukKXfVsHFP/VBKVGDtCM5Gb8VoCapyK3kc9RzYgBRq9nQDaHd7aV47ynZVSqv35BsyZQSkgXGer2o49nrxoNPs1V/i8F40Op6ArEJS02GzRVDKtP5hLLYAdoueMD8r3kcYhey/QRazM0t2Vdu7YrjyjixjXsDmtUd6hsgRPVP7rsNJkjFs= stef@DESKTOP-4RPP4AI",
            "region": "dc3-a",
            "value_specs": null
          },
          "sensitive_attributes": [],
          "private": "bnVsbA=="
        }
      ]
    },
    {
      "mode": "managed",
      "type": "openstack_compute_secgroup_v2",
      "name": "web_server",
      "provider": "provider[\"registry.terraform.io/terraform-provider-openstack/openstack\"]",
      "instances": [
        {
          "schema_version": 0,
          "attributes": {
            "description": "Security Group Description",
            "id": "32d036b1-c450-44fe-b0bc-e896cc213b10",
            "name": "web_server",
            "region": "dc3-a",
            "rule": [
              {
                "cidr": "0.0.0.0/0",
                "from_group_id": "",
                "from_port": 22,
                "id": "44f26ab5-5813-4b21-ae7e-22b87295c823",
                "ip_protocol": "tcp",
                "self": false,
                "to_port": 22
              },
              {
                "cidr": "0.0.0.0/0",
                "from_group_id": "",
                "from_port": 443,
                "id": "0d5bade4-f66f-4bc5-855d-4065ec73dec0",
                "ip_protocol": "tcp",
                "self": false,
                "to_port": 443
              },
              {
                "cidr": "0.0.0.0/0",
                "from_group_id": "",
                "from_port": 80,
                "id": "060471c9-cbe2-4625-902f-3722f4f80699",
                "ip_protocol": "tcp",
                "self": false,
                "to_port": 80
              }
            ],
            "timeouts": null
          },
          "sensitive_attributes": [],
          "private": "eyJlMmJmYjczMC1lY2FhLTExZTYtOGY4OC0zNDM2M2JjN2M0YzAiOnsiZGVsZXRlIjo2MDAwMDAwMDAwMDB9fQ=="
        }
      ]
    }
  ],
  "check_results": null
}
